
Microsoft Visual Studio Solution File, Format Version 12.00
# Visual Studio Version 17
VisualStudioVersion = 17.3.32922.545
MinimumVisualStudioVersion = 10.0.40219.1
Project("{8BC9CEB8-8B4A-11D0-8D11-00A0C91BC942}") = "telemetry", "projects\telemetry\telemetry.vcxproj", "{868C7A88-B0E5-4ECC-AAF4-ADBB132549ED}"
EndProject
Global
	GlobalSection(SolutionConfigurationPlatforms) = preSolution
		Debug|x64 = Debug|x64
		Debug|x86 = Debug|x86
		Release|x64 = Release|x64
		Release|x86 = Release|x86
	EndGlobalSection
	GlobalSection(ProjectConfigurationPlatforms) = postSolution
		{868C7A88-B0E5-4ECC-AAF4-ADBB132549ED}.Debug|x64.ActiveCfg = Debug|x64
		{868C7A88-B0E5-4ECC-AAF4-ADBB132549ED}.Debug|x64.Build.0 = Debug|x64
		{868C7A88-B0E5-4ECC-AAF4-ADBB132549ED}.Debug|x86.ActiveCfg = Debug|Win32
		{868C7A88-B0E5-4ECC-AAF4-ADBB132549ED}.Debug|x86.Build.0 = Debug|Win32
		{868C7A88-B0E5-4ECC-AAF4-ADBB132549ED}.Release|x64.ActiveCfg = Release|x64
		{868C7A88-B0E5-4ECC-AAF4-ADBB132549ED}.Release|x64.Build.0 = Release|x64
		{868C7A88-B0E5-4ECC-AAF4-ADBB132549ED}.Release|x86.ActiveCfg = Release|Win32
		{868C7A88-B0E5-4ECC-AAF4-ADBB132549ED}.Release|x86.Build.0 = Release|Win32
	EndGlobalSection
	GlobalSection(SolutionProperties) = preSolution
		HideSolutionNode = FALSE
	EndGlobalSection
	GlobalSection(ExtensibilityGlobals) = postSolution
		SolutionGuid = {C208CCEB-CCBC-4777-B038-6A166A5911F9}
	EndGlobalSection
EndGlobal
