<?xml version="1.0" encoding="utf-8"?>
<Project ToolsVersion="4.0" xmlns="http://schemas.microsoft.com/developer/msbuild/2003">
  <ItemGroup>
    <Filter Include="Source Files">
      <UniqueIdentifier>{4FC737F1-C7A5-4376-A066-2A32D752A2FF}</UniqueIdentifier>
      <Extensions>cpp;c;cc;cxx;c++;cppm;ixx;def;odl;idl;hpj;bat;asm;asmx</Extensions>
    </Filter>
    <Filter Include="Header Files">
      <UniqueIdentifier>{93995380-89BD-4b04-88EB-625FBE52EBFB}</UniqueIdentifier>
      <Extensions>h;hh;hpp;hxx;h++;hm;inl;inc;ipp;xsd</Extensions>
    </Filter>
    <Filter Include="Resource Files">
      <UniqueIdentifier>{67DA6AB6-F800-4c08-8B7A-83BB121AAD01}</UniqueIdentifier>
      <Extensions>rc;ico;cur;bmp;dlg;rc2;rct;bin;rgs;gif;jpg;jpeg;jpe;resx;tiff;tif;png;wav;mfcribbon-ms</Extensions>
    </Filter>
    <Filter Include="Header Files\persistence">
      <UniqueIdentifier>{38fd68f2-72c1-4f57-b9ef-0fd965e15410}</UniqueIdentifier>
    </Filter>
    <Filter Include="Header Files\serializer">
      <UniqueIdentifier>{064593f7-a9d3-4e81-b5e8-d2d239eedca8}</UniqueIdentifier>
    </Filter>
    <Filter Include="Header Files\event">
      <UniqueIdentifier>{a9139a72-4dce-41ba-be47-be62dda267a9}</UniqueIdentifier>
    </Filter>
    <Filter Include="Source Files\event">
      <UniqueIdentifier>{a302a635-3a4f-46e7-8c06-cb2e27679c22}</UniqueIdentifier>
    </Filter>
    <Filter Include="Source Files\persistence">
      <UniqueIdentifier>{16c39c02-6002-427b-9929-26cf877f8682}</UniqueIdentifier>
    </Filter>
    <Filter Include="Source Files\serializer">
      <UniqueIdentifier>{9623a63d-d2ce-4582-9ec0-0cb7a6e73e6f}</UniqueIdentifier>
    </Filter>
    <Filter Include="Header Files\telemetry">
      <UniqueIdentifier>{be4df523-451b-4fcb-8aba-42e8ca66b4c5}</UniqueIdentifier>
    </Filter>
    <Filter Include="Source Files\telemetry">
      <UniqueIdentifier>{0f8daae2-f1d3-4f55-8247-aad419d2039c}</UniqueIdentifier>
    </Filter>
  </ItemGroup>
  <ItemGroup>
    <ClCompile Include="..\..\src\main.cpp">
      <Filter>Source Files</Filter>
    </ClCompile>
    <ClCompile Include="..\..\src\telemetry\telemetry.cpp">
      <Filter>Source Files\telemetry</Filter>
    </ClCompile>
  </ItemGroup>
  <ItemGroup>
    <ClInclude Include="..\..\src\macros.h">
      <Filter>Header Files</Filter>
    </ClInclude>
    <ClInclude Include="..\..\src\telemetry\telemetry.h">
      <Filter>Header Files\telemetry</Filter>
    </ClInclude>
  </ItemGroup>
</Project>